
Microsoft Visual Studio Solution File, Format Version 12.00
# Visual Studio 14
VisualStudioVersion = 14.0.25420.1
MinimumVisualStudioVersion = 10.0.40219.1
Project("{FAE04EC0-301F-11D3-BF4B-00C04F79EFBC}") = "JRPartyData", "JRPartyData\JRPartyData.csproj", "{2469B7AF-232F-461F-9335-82CB9474AAA1}"
EndProject
Project("{FAE04EC0-301F-11D3-BF4B-00C04F79EFBC}") = "JRPartyService", "JRPartyService\JRPartyService.csproj", "{F67BEE4F-24BB-4B6E-AB08-4629BB703D86}"
EndProject
Global
	GlobalSection(SolutionConfigurationPlatforms) = preSolution
		Debug|Any CPU = Debug|Any CPU
		Release|Any CPU = Release|Any CPU
	EndGlobalSection
	GlobalSection(ProjectConfigurationPlatforms) = postSolution
		{2469B7AF-232F-461F-9335-82CB9474AAA1}.Debug|Any CPU.ActiveCfg = Debug|Any CPU
		{2469B7AF-232F-461F-9335-82CB9474AAA1}.Debug|Any CPU.Build.0 = Debug|Any CPU
		{2469B7AF-232F-461F-9335-82CB9474AAA1}.Release|Any CPU.ActiveCfg = Release|Any CPU
		{2469B7AF-232F-461F-9335-82CB9474AAA1}.Release|Any CPU.Build.0 = Release|Any CPU
		{F67BEE4F-24BB-4B6E-AB08-4629BB703D86}.Debug|Any CPU.ActiveCfg = Debug|Any CPU
		{F67BEE4F-24BB-4B6E-AB08-4629BB703D86}.Debug|Any CPU.Build.0 = Debug|Any CPU
		{F67BEE4F-24BB-4B6E-AB08-4629BB703D86}.Release|Any CPU.ActiveCfg = Release|Any CPU
		{F67BEE4F-24BB-4B6E-AB08-4629BB703D86}.Release|Any CPU.Build.0 = Release|Any CPU
	EndGlobalSection
	GlobalSection(SolutionProperties) = preSolution
		HideSolutionNode = FALSE
	EndGlobalSection
EndGlobal
